
Microsoft Visual Studio Solution File, Format Version 12.00
# Visual Studio Version 17
VisualStudioVersion = 17.7.34031.279
MinimumVisualStudioVersion = 10.0.40219.1
Project("{9A19103F-16F7-4668-BE54-9A1E7A4F7556}") = "AutoSplitDebugger", "AutoSplitDebugger\AutoSplitDebugger.csproj", "{234145ED-B459-4AF6-8315-F6C08EC2B86B}"
EndProject
Project("{FAE04EC0-301F-11D3-BF4B-00C04F79EFBC}") = "AutoSplitDebugger.Core", "AutoSplitDebugger.Core\AutoSplitDebugger.Core.csproj", "{09872FE3-E2F4-4BBF-9E4B-F187627B0836}"
EndProject
Global
	GlobalSection(SolutionConfigurationPlatforms) = preSolution
		Debug|Any CPU = Debug|Any CPU
		Release|Any CPU = Release|Any CPU
	EndGlobalSection
	GlobalSection(ProjectConfigurationPlatforms) = postSolution
		{234145ED-B459-4AF6-8315-F6C08EC2B86B}.Debug|Any CPU.ActiveCfg = Debug|Any CPU
		{234145ED-B459-4AF6-8315-F6C08EC2B86B}.Debug|Any CPU.Build.0 = Debug|Any CPU
		{234145ED-B459-4AF6-8315-F6C08EC2B86B}.Release|Any CPU.ActiveCfg = Release|Any CPU
		{234145ED-B459-4AF6-8315-F6C08EC2B86B}.Release|Any CPU.Build.0 = Release|Any CPU
		{09872FE3-E2F4-4BBF-9E4B-F187627B0836}.Debug|Any CPU.ActiveCfg = Debug|Any CPU
		{09872FE3-E2F4-4BBF-9E4B-F187627B0836}.Debug|Any CPU.Build.0 = Debug|Any CPU
		{09872FE3-E2F4-4BBF-9E4B-F187627B0836}.Release|Any CPU.ActiveCfg = Release|Any CPU
		{09872FE3-E2F4-4BBF-9E4B-F187627B0836}.Release|Any CPU.Build.0 = Release|Any CPU
	EndGlobalSection
	GlobalSection(SolutionProperties) = preSolution
		HideSolutionNode = FALSE
	EndGlobalSection
	GlobalSection(ExtensibilityGlobals) = postSolution
		SolutionGuid = {3D27A95B-0FB3-48CC-88FE-A717314D63E2}
	EndGlobalSection
EndGlobal
